// !$*UTF8*$!
{
	archiveVersion = 1;
	classes = {
	};
	objectVersion = 46;
	objects = {

/* Begin PBXBuildFile section */
		85131DD41B439A6500E421A3 /* main.m in Sources */ = {isa = PBXBuildFile; fileRef = 85131DD31B439A6500E421A3 /* main.m */; };
		85131DD71B439A6500E421A3 /* AppDelegate.m in Sources */ = {isa = PBXBuildFile; fileRef = 85131DD61B439A6500E421A3 /* AppDelegate.m */; };
		85131DDA1B439A6500E421A3 /* ViewController.m in Sources */ = {isa = PBXBuildFile; fileRef = 85131DD91B439A6500E421A3 /* ViewController.m */; };
		85131DDD1B439A6500E421A3 /* Main.storyboard in Resources */ = {isa = PBXBuildFile; fileRef = 85131DDB1B439A6500E421A3 /* Main.storyboard */; };
		85131DDF1B439A6500E421A3 /* Images.xcassets in Resources */ = {isa = PBXBuildFile; fileRef = 85131DDE1B439A6500E421A3 /* Images.xcassets */; };
		85131DE21B439A6500E421A3 /* LaunchScreen.xib in Resources */ = {isa = PBXBuildFile; fileRef = 85131DE01B439A6500E421A3 /* LaunchScreen.xib */; };
		85131DEE1B439A6500E421A3 /* hahhaTests.m in Sources */ = {isa = PBXBuildFile; fileRef = 85131DED1B439A6500E421A3 /* hahhaTests.m */; };
/* End PBXBuildFile section */

/* Begin PBXContainerItemProxy section */
		85131DE81B439A6500E421A3 /* PBXContainerItemProxy */ = {
			isa = PBXContainerItemProxy;
			containerPortal = 85131DC61B439A6500E421A3 /* Project object */;
			proxyType = 1;
			remoteGlobalIDString = 85131DCD1B439A6500E421A3;
			remoteInfo = hahha;
		};
/* End PBXContainerItemProxy section */

/* Begin PBXFileReference section */
		85131DCE1B439A6500E421A3 /* hahha.app */ = {isa = PBXFileReference; explicitFileType = wrapper.application; includeInIndex = 0; path = hahha.app; sourceTree = BUILT_PRODUCTS_DIR; };
		85131DD21B439A6500E421A3 /* Info.plist */ = {isa = PBXFileReference; lastKnownFileType = text.plist.xml; path = Info.plist; sourceTree = "<group>"; };
		85131DD31B439A6500E421A3 /* main.m */ = {isa = PBXFileReference; lastKnownFileType = sourcecode.c.objc; path = main.m; sourceTree = "<group>"; };
		85131DD51B439A6500E421A3 /* AppDelegate.h */ = {isa = PBXFileReference; lastKnownFileType = sourcecode.c.h; path = AppDelegate.h; sourceTree = "<group>"; };
		85131DD61B439A6500E421A3 /* AppDelegate.m */ = {isa = PBXFileReference; lastKnownFileType = sourcecode.c.objc; path = AppDelegate.m; sourceTree = "<group>"; };
		85131DD81B439A6500E421A3 /* ViewController.h */ = {isa = PBXFileReference; lastKnownFileType = sourcecode.c.h; path = ViewController.h; sourceTree = "<group>"; };
		85131DD91B439A6500E421A3 /* ViewController.m */ = {isa = PBXFileReference; lastKnownFileType = sourcecode.c.objc; path = ViewController.m; sourceTree = "<group>"; };
		85131DDC1B439A6500E421A3 /* Base */ = {isa = PBXFileReference; lastKnownFileType = file.storyboard; name = Base; path = Base.lproj/Main.storyboard; sourceTree = "<group>"; };
		85131DDE1B439A6500E421A3 /* Images.xcassets */ = {isa = PBXFileReference; lastKnownFileType = folder.assetcatalog; path = Images.xcassets; sourceTree = "<group>"; };
		85131DE11B439A6500E421A3 /* Base */ = {isa = PBXFileReference; lastKnownFileType = file.xib; name = Base; path = Base.lproj/LaunchScreen.xib; sourceTree = "<group>"; };
		85131DE71B439A6500E421A3 /* hahhaTests.xctest */ = {isa = PBXFileReference; explicitFileType = wrapper.cfbundle; includeInIndex = 0; path = hahhaTests.xctest; sourceTree = BUILT_PRODUCTS_DIR; };
		85131DEC1B439A6500E421A3 /* Info.plist */ = {isa = PBXFileReference; lastKnownFileType = text.plist.xml; path = Info.plist; sourceTree = "<group>"; };
		85131DED1B439A6500E421A3 /* hahhaTests.m */ = {isa = PBXFileReference; lastKnownFileType = sourcecode.c.objc; path = hahhaTests.m; sourceTree = "<group>"; };
/* End PBXFileReference section */

/* Begin PBXFrameworksBuildPhase section */
		85131DCB1B439A6500E421A3 /* Frameworks */ = {
			isa = PBXFrameworksBuildPhase;
			buildActionMask = 2147483647;
			files = (
			);
			runOnlyForDeploymentPostprocessing = 0;
		};
		85131DE41B439A6500E421A3 /* Frameworks */ = {
			isa = PBXFrameworksBuildPhase;
			buildActionMask = 2147483647;
			files = (
			);
			runOnlyForDeploymentPostprocessing = 0;
		};
/* End PBXFrameworksBuildPhase section */

/* Begin PBXGroup section */
		85131DC51B439A6500E421A3 = {
			isa = PBXGroup;
			children = (
				85131DD01B439A6500E421A3 /* hahha */,
				85131DEA1B439A6500E421A3 /* hahhaTests */,
				85131DCF1B439A6500E421A3 /* Products */,
			);
			sourceTree = "<group>";
		};
		85131DCF1B439A6500E421A3 /* Products */ = {
			isa = PBXGroup;
			children = (
				85131DCE1B439A6500E421A3 /* hahha.app */,
				85131DE71B439A6500E421A3 /* hahhaTests.xctest */,
			);
			name = Products;
			sourceTree = "<group>";
		};
		85131DD01B439A6500E421A3 /* hahha */ = {
			isa = PBXGroup;
			children = (
				85131DD51B439A6500E421A3 /* AppDelegate.h */,
				85131DD61B439A6500E421A3 /* AppDelegate.m */,
				85131DD81B439A6500E421A3 /* ViewController.h */,
				85131DD91B439A6500E421A3 /* ViewController.m */,
				85131DDB1B439A6500E421A3 /* Main.storyboard */,
				85131DDE1B439A6500E421A3 /* Images.xcassets */,
				85131DE01B439A6500E421A3 /* LaunchScreen.xib */,
				85131DD11B439A6500E421A3 /* Supporting Files */,
			);
			path = hahha;
			sourceTree = "<group>";
		};
		85131DD11B439A6500E421A3 /* Supporting Files */ = {
			isa = PBXGroup;
			children = (
				85131DD21B439A6500E421A3 /* Info.plist */,
				85131DD31B439A6500E421A3 /* main.m */,
			);
			name = "Supporting Files";
			sourceTree = "<group>";
		};
		85131DEA1B439A6500E421A3 /* hahhaTests */ = {
			isa = PBXGroup;
			children = (
				85131DED1B439A6500E421A3 /* hahhaTests.m */,
				85131DEB1B439A6500E421A3 /* Supporting Files */,
			);
			path = hahhaTests;
			sourceTree = "<group>";
		};
		85131DEB1B439A6500E421A3 /* Supporting Files */ = {
			isa = PBXGroup;
			children = (
				85131DEC1B439A6500E421A3 /* Info.plist */,
			);
			name = "Supporting Files";
			sourceTree = "<group>";
		};
/* End PBXGroup section */

/* Begin PBXNativeTarget section */
		85131DCD1B439A6500E421A3 /* hahha */ = {
			isa = PBXNativeTarget;
			buildConfigurationList = 85131DF11B439A6500E421A3 /* Build configuration list for PBXNativeTarget "hahha" */;
			buildPhases = (
				85131DCA1B439A6500E421A3 /* Sources */,
				85131DCB1B439A6500E421A3 /* Frameworks */,
				85131DCC1B439A6500E421A3 /* Resources */,
			);
			buildRules = (
			);
			dependencies = (
			);
			name = hahha;
			productName = hahha;
			productReference = 85131DCE1B439A6500E421A3 /* hahha.app */;
			productType = "com.apple.product-type.application";
		};
		85131DE61B439A6500E421A3 /* hahhaTests */ = {
			isa = PBXNativeTarget;
			buildConfigurationList = 85131DF41B439A6500E421A3 /* Build configuration list for PBXNativeTarget "hahhaTests" */;
			buildPhases = (
				85131DE31B439A6500E421A3 /* Sources */,
				85131DE41B439A6500E421A3 /* Frameworks */,
				85131DE51B439A6500E421A3 /* Resources */,
			);
			buildRules = (
			);
			dependencies = (
				85131DE91B439A6500E421A3 /* PBXTargetDependency */,
			);
			name = hahhaTests;
			productName = hahhaTests;
			productReference = 85131DE71B439A6500E421A3 /* hahhaTests.xctest */;
			productType = "com.apple.product-type.bundle.unit-test";
		};
/* End PBXNativeTarget section */

/* Begin PBXProject section */
		85131DC61B439A6500E421A3 /* Project object */ = {
			isa = PBXProject;
			attributes = {
				LastUpgradeCheck = 0630;
				ORGANIZATIONNAME = tarena;
				TargetAttributes = {
					85131DCD1B439A6500E421A3 = {
						CreatedOnToolsVersion = 6.3.2;
					};
					85131DE61B439A6500E421A3 = {
						CreatedOnToolsVersion = 6.3.2;
						TestTargetID = 85131DCD1B439A6500E421A3;
					};
				};
			};
			buildConfigurationList = 85131DC91B439A6500E421A3 /* Build configuration list for PBXProject "hahha" */;
			compatibilityVersion = "Xcode 3.2";
			developmentRegion = English;
			hasScannedForEncodings = 0;
			knownRegions = (
				en,
				Base,
			);
			mainGroup = 85131DC51B439A6500E421A3;
			productRefGroup = 85131DCF1B439A6500E421A3 /* Products */;
			projectDirPath = "";
			projectRoot = "";
			targets = (
				85131DCD1B439A6500E421A3 /* hahha */,
				85131DE61B439A6500E421A3 /* hahhaTests */,
			);
		};
/* End PBXProject section */

/* Begin PBXResourcesBuildPhase section */
		85131DCC1B439A6500E421A3 /* Resources */ = {
			isa = PBXResourcesBuildPhase;
			buildActionMask = 2147483647;
			files = (
				85131DDD1B439A6500E421A3 /* Main.storyboard in Resources */,
				85131DE21B439A6500E421A3 /* LaunchScreen.xib in Resources */,
				85131DDF1B439A6500E421A3 /* Images.xcassets in Resources */,
			);
			runOnlyForDeploymentPostprocessing = 0;
		};
		85131DE51B439A6500E421A3 /* Resources */ = {
			isa = PBXResourcesBuildPhase;
			buildActionMask = 2147483647;
			files = (
			);
			runOnlyForDeploymentPostprocessing = 0;
		};
/* End PBXResourcesBuildPhase section */

/* Begin PBXSourcesBuildPhase section */
		85131DCA1B439A6500E421A3 /* Sources */ = {
			isa = PBXSourcesBuildPhase;
			buildActionMask = 2147483647;
			files = (
				85131DDA1B439A6500E421A3 /* ViewController.m in Sources */,
				85131DD71B439A6500E421A3 /* AppDelegate.m in Sources */,
				85131DD41B439A6500E421A3 /* main.m in Sources */,
			);
			runOnlyForDeploymentPostprocessing = 0;
		};
		85131DE31B439A6500E421A3 /* Sources */ = {
			isa = PBXSourcesBuildPhase;
			buildActionMask = 2147483647;
			files = (
				85131DEE1B439A6500E421A3 /* hahhaTests.m in Sources */,
			);
			runOnlyForDeploymentPostprocessing = 0;
		};
/* End PBXSourcesBuildPhase section */

/* Begin PBXTargetDependency section */
		85131DE91B439A6500E421A3 /* PBXTargetDependency */ = {
			isa = PBXTargetDependency;
			target = 85131DCD1B439A6500E421A3 /* hahha */;
			targetProxy = 85131DE81B439A6500E421A3 /* PBXContainerItemProxy */;
		};
/* End PBXTargetDependency section */

/* Begin PBXVariantGroup section */
		85131DDB1B439A6500E421A3 /* Main.storyboard */ = {
			isa = PBXVariantGroup;
			children = (
				85131DDC1B439A6500E421A3 /* Base */,
			);
			name = Main.storyboard;
			sourceTree = "<group>";
		};
		85131DE01B439A6500E421A3 /* LaunchScreen.xib */ = {
			isa = PBXVariantGroup;
			children = (
				85131DE11B439A6500E421A3 /* Base */,
			);
			name = LaunchScreen.xib;
			sourceTree = "<group>";
		};
/* End PBXVariantGroup section */

/* Begin XCBuildConfiguration section */
		85131DEF1B439A6500E421A3 /* Debug */ = {
			isa = XCBuildConfiguration;
			buildSettings = {
				ALWAYS_SEARCH_USER_PATHS = NO;
				CLANG_CXX_LANGUAGE_STANDARD = "gnu++0x";
				CLANG_CXX_LIBRARY = "libc++";
				CLANG_ENABLE_MODULES = YES;
				CLANG_ENABLE_OBJC_ARC = YES;
				CLANG_WARN_BOOL_CONVERSION = YES;
				CLANG_WARN_CONSTANT_CONVERSION = YES;
				CLANG_WARN_DIRECT_OBJC_ISA_USAGE = YES_ERROR;
				CLANG_WARN_EMPTY_BODY = YES;
				CLANG_WARN_ENUM_CONVERSION = YES;
				CLANG_WARN_INT_CONVERSION = YES;
				CLANG_WARN_OBJC_ROOT_CLASS = YES_ERROR;
				CLANG_WARN_UNREACHABLE_CODE = YES;
				CLANG_WARN__DUPLICATE_METHOD_MATCH = YES;
				"CODE_SIGN_IDENTITY[sdk=iphoneos*]" = "iPhone Developer";
				COPY_PHASE_STRIP = NO;
				DEBUG_INFORMATION_FORMAT = "dwarf-with-dsym";
				ENABLE_STRICT_OBJC_MSGSEND = YES;
				GCC_C_LANGUAGE_STANDARD = gnu99;
				GCC_DYNAMIC_NO_PIC = NO;
				GCC_NO_COMMON_BLOCKS = YES;
				GCC_OPTIMIZATION_LEVEL = 0;
				GCC_PREPROCESSOR_DEFINITIONS = (
					"DEBUG=1",
					"$(inherited)",
				);
				GCC_SYMBOLS_PRIVATE_EXTERN = NO;
				GCC_WARN_64_TO_32_BIT_CONVERSION = YES;
				GCC_WARN_ABOUT_RETURN_TYPE = YES_ERROR;
				GCC_WARN_UNDECLARED_SELECTOR = YES;
				GCC_WARN_UNINITIALIZED_AUTOS = YES_AGGRESSIVE;
				GCC_WARN_UNUSED_FUNCTION = YES;
				GCC_WARN_UNUSED_VARIABLE = YES;
				IPHONEOS_DEPLOYMENT_TARGET = 8.3;
				MTL_ENABLE_DEBUG_INFO = YES;
				ONLY_ACTIVE_ARCH = YES;
				SDKROOT = iphoneos;
			};
			name = Debug;
		};
		85131DF01B439A6500E421A3 /* Release */ = {
			isa = XCBuildConfiguration;
			buildSettings = {
				ALWAYS_SEARCH_USER_PATHS = NO;
				CLANG_CXX_LANGUAGE_STANDARD = "gnu++0x";
				CLANG_CXX_LIBRARY = "libc++";
				CLANG_ENABLE_MODULES = YES;
				CLANG_ENABLE_OBJC_ARC = YES;
				CLANG_WARN_BOOL_CONVERSION = YES;
				CLANG_WARN_CONSTANT_CONVERSION = YES;
				CLANG_WARN_DIRECT_OBJC_ISA_USAGE = YES_ERROR;
				CLANG_WARN_EMPTY_BODY = YES;
				CLANG_WARN_ENUM_CONVERSION = YES;
				CLANG_WARN_INT_CONVERSION = YES;
				CLANG_WARN_OBJC_ROOT_CLASS = YES_ERROR;
				CLANG_WARN_UNREACHABLE_CODE = YES;
				CLANG_WARN__DUPLICATE_METHOD_MATCH = YES;
				"CODE_SIGN_IDENTITY[sdk=iphoneos*]" = "iPhone Developer";
				COPY_PHASE_STRIP = NO;
				DEBUG_INFORMATION_FORMAT = "dwarf-with-dsym";
				ENABLE_NS_ASSERTIONS = NO;
				ENABLE_STRICT_OBJC_MSGSEND = YES;
				GCC_C_LANGUAGE_STANDARD = gnu99;
				GCC_NO_COMMON_BLOCKS = YES;
				GCC_WARN_64_TO_32_BIT_CONVERSION = YES;
				GCC_WARN_ABOUT_RETURN_TYPE = YES_ERROR;
				GCC_WARN_UNDECLARED_SELECTOR = YES;
				GCC_WARN_UNINITIALIZED_AUTOS = YES_AGGRESSIVE;
				GCC_WARN_UNUSED_FUNCTION = YES;
				GCC_WARN_UNUSED_VARIABLE = YES;
				IPHONEOS_DEPLOYMENT_TARGET = 8.3;
				MTL_ENABLE_DEBUG_INFO = NO;
				SDKROOT = iphoneos;
				VALIDATE_PRODUCT = YES;
			};
			name = Release;
		};
		85131DF21B439A6500E421A3 /* Debug */ = {
			isa = XCBuildConfiguration;
			buildSettings = {
				ASSETCATALOG_COMPILER_APPICON_NAME = AppIcon;
				INFOPLIST_FILE = hahha/Info.plist;
				LD_RUNPATH_SEARCH_PATHS = "$(inherited) @executable_path/Frameworks";
				PRODUCT_NAME = "$(TARGET_NAME)";
			};
			name = Debug;
		};
		85131DF31B439A6500E421A3 /* Release */ = {
			isa = XCBuildConfiguration;
			buildSettings = {
				ASSETCATALOG_COMPILER_APPICON_NAME = AppIcon;
				INFOPLIST_FILE = hahha/Info.plist;
				LD_RUNPATH_SEARCH_PATHS = "$(inherited) @executable_path/Frameworks";
				PRODUCT_NAME = "$(TARGET_NAME)";
			};
			name = Release;
		};
		85131DF51B439A6500E421A3 /* Debug */ = {
			isa = XCBuildConfiguration;
			buildSettings = {
				BUNDLE_LOADER = "$(TEST_HOST)";
				FRAMEWORK_SEARCH_PATHS = (
					"$(SDKROOT)/Developer/Library/Frameworks",
					"$(inherited)",
				);
				GCC_PREPROCESSOR_DEFINITIONS = (
					"DEBUG=1",
					"$(inherited)",
				);
				INFOPLIST_FILE = hahhaTests/Info.plist;
				LD_RUNPATH_SEARCH_PATHS = "$(inherited) @executable_path/Frameworks @loader_path/Frameworks";
				PRODUCT_NAME = "$(TARGET_NAME)";
				TEST_HOST = "$(BUILT_PRODUCTS_DIR)/hahha.app/hahha";
			};
			name = Debug;
		};
		85131DF61B439A6500E421A3 /* Release */ = {
			isa = XCBuildConfiguration;
			buildSettings = {
				BUNDLE_LOADER = "$(TEST_HOST)";
				FRAMEWORK_SEARCH_PATHS = (
					"$(SDKROOT)/Developer/Library/Frameworks",
					"$(inherited)",
				);
				INFOPLIST_FILE = hahhaTests/Info.plist;
				LD_RUNPATH_SEARCH_PATHS = "$(inherited) @executable_path/Frameworks @loader_path/Frameworks";
				PRODUCT_NAME = "$(TARGET_NAME)";
				TEST_HOST = "$(BUILT_PRODUCTS_DIR)/hahha.app/hahha";
			};
			name = Release;
		};
/* End XCBuildConfiguration section */

/* Begin XCConfigurationList section */
		85131DC91B439A6500E421A3 /* Build configuration list for PBXProject "hahha" */ = {
			isa = XCConfigurationList;
			buildConfigurations = (
				85131DEF1B439A6500E421A3 /* Debug */,
				85131DF01B439A6500E421A3 /* Release */,
			);
			defaultConfigurationIsVisible = 0;
			defaultConfigurationName = Release;
		};
		85131DF11B439A6500E421A3 /* Build configuration list for PBXNativeTarget "hahha" */ = {
			isa = XCConfigurationList;
			buildConfigurations = (
				85131DF21B439A6500E421A3 /* Debug */,
				85131DF31B439A6500E421A3 /* Release */,
			);
			defaultConfigurationIsVisible = 0;
		};
		85131DF41B439A6500E421A3 /* Build configuration list for PBXNativeTarget "hahhaTests" */ = {
			isa = XCConfigurationList;
			buildConfigurations = (
				85131DF51B439A6500E421A3 /* Debug */,
				85131DF61B439A6500E421A3 /* Release */,
			);
			defaultConfigurationIsVisible = 0;
		};
/* End XCConfigurationList section */
	};
	rootObject = 85131DC61B439A6500E421A3 /* Project object */;
}
