// !$*UTF8*$!
{
	archiveVersion = 1;
	classes = {
	};
	objectVersion = 46;
	objects = {

/* Begin PBXBuildFile section */
		85131DA21B4399DA00E421A3 /* main.m in Sources */ = {isa = PBXBuildFile; fileRef = 85131DA11B4399DA00E421A3 /* main.m */; };
		85131DA51B4399DA00E421A3 /* AppDelegate.m in Sources */ = {isa = PBXBuildFile; fileRef = 85131DA41B4399DA00E421A3 /* AppDelegate.m */; };
		85131DA81B4399DA00E421A3 /* ViewController.m in Sources */ = {isa = PBXBuildFile; fileRef = 85131DA71B4399DA00E421A3 /* ViewController.m */; };
		85131DAB1B4399DA00E421A3 /* Main.storyboard in Resources */ = {isa = PBXBuildFile; fileRef = 85131DA91B4399DA00E421A3 /* Main.storyboard */; };
		85131DAD1B4399DA00E421A3 /* Images.xcassets in Resources */ = {isa = PBXBuildFile; fileRef = 85131DAC1B4399DA00E421A3 /* Images.xcassets */; };
		85131DB01B4399DA00E421A3 /* LaunchScreen.xib in Resources */ = {isa = PBXBuildFile; fileRef = 85131DAE1B4399DA00E421A3 /* LaunchScreen.xib */; };
		85131DBC1B4399DA00E421A3 /* dsdaTests.m in Sources */ = {isa = PBXBuildFile; fileRef = 85131DBB1B4399DA00E421A3 /* dsdaTests.m */; };
/* End PBXBuildFile section */

/* Begin PBXContainerItemProxy section */
		85131DB61B4399DA00E421A3 /* PBXContainerItemProxy */ = {
			isa = PBXContainerItemProxy;
			containerPortal = 85131D941B4399DA00E421A3 /* Project object */;
			proxyType = 1;
			remoteGlobalIDString = 85131D9B1B4399DA00E421A3;
			remoteInfo = dsda;
		};
/* End PBXContainerItemProxy section */

/* Begin PBXFileReference section */
		85131D9C1B4399DA00E421A3 /* dsda.app */ = {isa = PBXFileReference; explicitFileType = wrapper.application; includeInIndex = 0; path = dsda.app; sourceTree = BUILT_PRODUCTS_DIR; };
		85131DA01B4399DA00E421A3 /* Info.plist */ = {isa = PBXFileReference; lastKnownFileType = text.plist.xml; path = Info.plist; sourceTree = "<group>"; };
		85131DA11B4399DA00E421A3 /* main.m */ = {isa = PBXFileReference; lastKnownFileType = sourcecode.c.objc; path = main.m; sourceTree = "<group>"; };
		85131DA31B4399DA00E421A3 /* AppDelegate.h */ = {isa = PBXFileReference; lastKnownFileType = sourcecode.c.h; path = AppDelegate.h; sourceTree = "<group>"; };
		85131DA41B4399DA00E421A3 /* AppDelegate.m */ = {isa = PBXFileReference; lastKnownFileType = sourcecode.c.objc; path = AppDelegate.m; sourceTree = "<group>"; };
		85131DA61B4399DA00E421A3 /* ViewController.h */ = {isa = PBXFileReference; lastKnownFileType = sourcecode.c.h; path = ViewController.h; sourceTree = "<group>"; };
		85131DA71B4399DA00E421A3 /* ViewController.m */ = {isa = PBXFileReference; lastKnownFileType = sourcecode.c.objc; path = ViewController.m; sourceTree = "<group>"; };
		85131DAA1B4399DA00E421A3 /* Base */ = {isa = PBXFileReference; lastKnownFileType = file.storyboard; name = Base; path = Base.lproj/Main.storyboard; sourceTree = "<group>"; };
		85131DAC1B4399DA00E421A3 /* Images.xcassets */ = {isa = PBXFileReference; lastKnownFileType = folder.assetcatalog; path = Images.xcassets; sourceTree = "<group>"; };
		85131DAF1B4399DA00E421A3 /* Base */ = {isa = PBXFileReference; lastKnownFileType = file.xib; name = Base; path = Base.lproj/LaunchScreen.xib; sourceTree = "<group>"; };
		85131DB51B4399DA00E421A3 /* dsdaTests.xctest */ = {isa = PBXFileReference; explicitFileType = wrapper.cfbundle; includeInIndex = 0; path = dsdaTests.xctest; sourceTree = BUILT_PRODUCTS_DIR; };
		85131DBA1B4399DA00E421A3 /* Info.plist */ = {isa = PBXFileReference; lastKnownFileType = text.plist.xml; path = Info.plist; sourceTree = "<group>"; };
		85131DBB1B4399DA00E421A3 /* dsdaTests.m */ = {isa = PBXFileReference; lastKnownFileType = sourcecode.c.objc; path = dsdaTests.m; sourceTree = "<group>"; };
/* End PBXFileReference section */

/* Begin PBXFrameworksBuildPhase section */
		85131D991B4399DA00E421A3 /* Frameworks */ = {
			isa = PBXFrameworksBuildPhase;
			buildActionMask = 2147483647;
			files = (
			);
			runOnlyForDeploymentPostprocessing = 0;
		};
		85131DB21B4399DA00E421A3 /* Frameworks */ = {
			isa = PBXFrameworksBuildPhase;
			buildActionMask = 2147483647;
			files = (
			);
			runOnlyForDeploymentPostprocessing = 0;
		};
/* End PBXFrameworksBuildPhase section */

/* Begin PBXGroup section */
		85131D931B4399DA00E421A3 = {
			isa = PBXGroup;
			children = (
				85131D9E1B4399DA00E421A3 /* dsda */,
				85131DB81B4399DA00E421A3 /* dsdaTests */,
				85131D9D1B4399DA00E421A3 /* Products */,
			);
			sourceTree = "<group>";
		};
		85131D9D1B4399DA00E421A3 /* Products */ = {
			isa = PBXGroup;
			children = (
				85131D9C1B4399DA00E421A3 /* dsda.app */,
				85131DB51B4399DA00E421A3 /* dsdaTests.xctest */,
			);
			name = Products;
			sourceTree = "<group>";
		};
		85131D9E1B4399DA00E421A3 /* dsda */ = {
			isa = PBXGroup;
			children = (
				85131DA31B4399DA00E421A3 /* AppDelegate.h */,
				85131DA41B4399DA00E421A3 /* AppDelegate.m */,
				85131DA61B4399DA00E421A3 /* ViewController.h */,
				85131DA71B4399DA00E421A3 /* ViewController.m */,
				85131DA91B4399DA00E421A3 /* Main.storyboard */,
				85131DAC1B4399DA00E421A3 /* Images.xcassets */,
				85131DAE1B4399DA00E421A3 /* LaunchScreen.xib */,
				85131D9F1B4399DA00E421A3 /* Supporting Files */,
			);
			path = dsda;
			sourceTree = "<group>";
		};
		85131D9F1B4399DA00E421A3 /* Supporting Files */ = {
			isa = PBXGroup;
			children = (
				85131DA01B4399DA00E421A3 /* Info.plist */,
				85131DA11B4399DA00E421A3 /* main.m */,
			);
			name = "Supporting Files";
			sourceTree = "<group>";
		};
		85131DB81B4399DA00E421A3 /* dsdaTests */ = {
			isa = PBXGroup;
			children = (
				85131DBB1B4399DA00E421A3 /* dsdaTests.m */,
				85131DB91B4399DA00E421A3 /* Supporting Files */,
			);
			path = dsdaTests;
			sourceTree = "<group>";
		};
		85131DB91B4399DA00E421A3 /* Supporting Files */ = {
			isa = PBXGroup;
			children = (
				85131DBA1B4399DA00E421A3 /* Info.plist */,
			);
			name = "Supporting Files";
			sourceTree = "<group>";
		};
/* End PBXGroup section */

/* Begin PBXNativeTarget section */
		85131D9B1B4399DA00E421A3 /* dsda */ = {
			isa = PBXNativeTarget;
			buildConfigurationList = 85131DBF1B4399DA00E421A3 /* Build configuration list for PBXNativeTarget "dsda" */;
			buildPhases = (
				85131D981B4399DA00E421A3 /* Sources */,
				85131D991B4399DA00E421A3 /* Frameworks */,
				85131D9A1B4399DA00E421A3 /* Resources */,
			);
			buildRules = (
			);
			dependencies = (
			);
			name = dsda;
			productName = dsda;
			productReference = 85131D9C1B4399DA00E421A3 /* dsda.app */;
			productType = "com.apple.product-type.application";
		};
		85131DB41B4399DA00E421A3 /* dsdaTests */ = {
			isa = PBXNativeTarget;
			buildConfigurationList = 85131DC21B4399DA00E421A3 /* Build configuration list for PBXNativeTarget "dsdaTests" */;
			buildPhases = (
				85131DB11B4399DA00E421A3 /* Sources */,
				85131DB21B4399DA00E421A3 /* Frameworks */,
				85131DB31B4399DA00E421A3 /* Resources */,
			);
			buildRules = (
			);
			dependencies = (
				85131DB71B4399DA00E421A3 /* PBXTargetDependency */,
			);
			name = dsdaTests;
			productName = dsdaTests;
			productReference = 85131DB51B4399DA00E421A3 /* dsdaTests.xctest */;
			productType = "com.apple.product-type.bundle.unit-test";
		};
/* End PBXNativeTarget section */

/* Begin PBXProject section */
		85131D941B4399DA00E421A3 /* Project object */ = {
			isa = PBXProject;
			attributes = {
				LastUpgradeCheck = 0630;
				ORGANIZATIONNAME = tarena;
				TargetAttributes = {
					85131D9B1B4399DA00E421A3 = {
						CreatedOnToolsVersion = 6.3.2;
					};
					85131DB41B4399DA00E421A3 = {
						CreatedOnToolsVersion = 6.3.2;
						TestTargetID = 85131D9B1B4399DA00E421A3;
					};
				};
			};
			buildConfigurationList = 85131D971B4399DA00E421A3 /* Build configuration list for PBXProject "dsda" */;
			compatibilityVersion = "Xcode 3.2";
			developmentRegion = English;
			hasScannedForEncodings = 0;
			knownRegions = (
				en,
				Base,
			);
			mainGroup = 85131D931B4399DA00E421A3;
			productRefGroup = 85131D9D1B4399DA00E421A3 /* Products */;
			projectDirPath = "";
			projectRoot = "";
			targets = (
				85131D9B1B4399DA00E421A3 /* dsda */,
				85131DB41B4399DA00E421A3 /* dsdaTests */,
			);
		};
/* End PBXProject section */

/* Begin PBXResourcesBuildPhase section */
		85131D9A1B4399DA00E421A3 /* Resources */ = {
			isa = PBXResourcesBuildPhase;
			buildActionMask = 2147483647;
			files = (
				85131DAB1B4399DA00E421A3 /* Main.storyboard in Resources */,
				85131DB01B4399DA00E421A3 /* LaunchScreen.xib in Resources */,
				85131DAD1B4399DA00E421A3 /* Images.xcassets in Resources */,
			);
			runOnlyForDeploymentPostprocessing = 0;
		};
		85131DB31B4399DA00E421A3 /* Resources */ = {
			isa = PBXResourcesBuildPhase;
			buildActionMask = 2147483647;
			files = (
			);
			runOnlyForDeploymentPostprocessing = 0;
		};
/* End PBXResourcesBuildPhase section */

/* Begin PBXSourcesBuildPhase section */
		85131D981B4399DA00E421A3 /* Sources */ = {
			isa = PBXSourcesBuildPhase;
			buildActionMask = 2147483647;
			files = (
				85131DA81B4399DA00E421A3 /* ViewController.m in Sources */,
				85131DA51B4399DA00E421A3 /* AppDelegate.m in Sources */,
				85131DA21B4399DA00E421A3 /* main.m in Sources */,
			);
			runOnlyForDeploymentPostprocessing = 0;
		};
		85131DB11B4399DA00E421A3 /* Sources */ = {
			isa = PBXSourcesBuildPhase;
			buildActionMask = 2147483647;
			files = (
				85131DBC1B4399DA00E421A3 /* dsdaTests.m in Sources */,
			);
			runOnlyForDeploymentPostprocessing = 0;
		};
/* End PBXSourcesBuildPhase section */

/* Begin PBXTargetDependency section */
		85131DB71B4399DA00E421A3 /* PBXTargetDependency */ = {
			isa = PBXTargetDependency;
			target = 85131D9B1B4399DA00E421A3 /* dsda */;
			targetProxy = 85131DB61B4399DA00E421A3 /* PBXContainerItemProxy */;
		};
/* End PBXTargetDependency section */

/* Begin PBXVariantGroup section */
		85131DA91B4399DA00E421A3 /* Main.storyboard */ = {
			isa = PBXVariantGroup;
			children = (
				85131DAA1B4399DA00E421A3 /* Base */,
			);
			name = Main.storyboard;
			sourceTree = "<group>";
		};
		85131DAE1B4399DA00E421A3 /* LaunchScreen.xib */ = {
			isa = PBXVariantGroup;
			children = (
				85131DAF1B4399DA00E421A3 /* Base */,
			);
			name = LaunchScreen.xib;
			sourceTree = "<group>";
		};
/* End PBXVariantGroup section */

/* Begin XCBuildConfiguration section */
		85131DBD1B4399DA00E421A3 /* Debug */ = {
			isa = XCBuildConfiguration;
			buildSettings = {
				ALWAYS_SEARCH_USER_PATHS = NO;
				CLANG_CXX_LANGUAGE_STANDARD = "gnu++0x";
				CLANG_CXX_LIBRARY = "libc++";
				CLANG_ENABLE_MODULES = YES;
				CLANG_ENABLE_OBJC_ARC = YES;
				CLANG_WARN_BOOL_CONVERSION = YES;
				CLANG_WARN_CONSTANT_CONVERSION = YES;
				CLANG_WARN_DIRECT_OBJC_ISA_USAGE = YES_ERROR;
				CLANG_WARN_EMPTY_BODY = YES;
				CLANG_WARN_ENUM_CONVERSION = YES;
				CLANG_WARN_INT_CONVERSION = YES;
				CLANG_WARN_OBJC_ROOT_CLASS = YES_ERROR;
				CLANG_WARN_UNREACHABLE_CODE = YES;
				CLANG_WARN__DUPLICATE_METHOD_MATCH = YES;
				"CODE_SIGN_IDENTITY[sdk=iphoneos*]" = "iPhone Developer";
				COPY_PHASE_STRIP = NO;
				DEBUG_INFORMATION_FORMAT = "dwarf-with-dsym";
				ENABLE_STRICT_OBJC_MSGSEND = YES;
				GCC_C_LANGUAGE_STANDARD = gnu99;
				GCC_DYNAMIC_NO_PIC = NO;
				GCC_NO_COMMON_BLOCKS = YES;
				GCC_OPTIMIZATION_LEVEL = 0;
				GCC_PREPROCESSOR_DEFINITIONS = (
					"DEBUG=1",
					"$(inherited)",
				);
				GCC_SYMBOLS_PRIVATE_EXTERN = NO;
				GCC_WARN_64_TO_32_BIT_CONVERSION = YES;
				GCC_WARN_ABOUT_RETURN_TYPE = YES_ERROR;
				GCC_WARN_UNDECLARED_SELECTOR = YES;
				GCC_WARN_UNINITIALIZED_AUTOS = YES_AGGRESSIVE;
				GCC_WARN_UNUSED_FUNCTION = YES;
				GCC_WARN_UNUSED_VARIABLE = YES;
				IPHONEOS_DEPLOYMENT_TARGET = 8.3;
				MTL_ENABLE_DEBUG_INFO = YES;
				ONLY_ACTIVE_ARCH = YES;
				SDKROOT = iphoneos;
			};
			name = Debug;
		};
		85131DBE1B4399DA00E421A3 /* Release */ = {
			isa = XCBuildConfiguration;
			buildSettings = {
				ALWAYS_SEARCH_USER_PATHS = NO;
				CLANG_CXX_LANGUAGE_STANDARD = "gnu++0x";
				CLANG_CXX_LIBRARY = "libc++";
				CLANG_ENABLE_MODULES = YES;
				CLANG_ENABLE_OBJC_ARC = YES;
				CLANG_WARN_BOOL_CONVERSION = YES;
				CLANG_WARN_CONSTANT_CONVERSION = YES;
				CLANG_WARN_DIRECT_OBJC_ISA_USAGE = YES_ERROR;
				CLANG_WARN_EMPTY_BODY = YES;
				CLANG_WARN_ENUM_CONVERSION = YES;
				CLANG_WARN_INT_CONVERSION = YES;
				CLANG_WARN_OBJC_ROOT_CLASS = YES_ERROR;
				CLANG_WARN_UNREACHABLE_CODE = YES;
				CLANG_WARN__DUPLICATE_METHOD_MATCH = YES;
				"CODE_SIGN_IDENTITY[sdk=iphoneos*]" = "iPhone Developer";
				COPY_PHASE_STRIP = NO;
				DEBUG_INFORMATION_FORMAT = "dwarf-with-dsym";
				ENABLE_NS_ASSERTIONS = NO;
				ENABLE_STRICT_OBJC_MSGSEND = YES;
				GCC_C_LANGUAGE_STANDARD = gnu99;
				GCC_NO_COMMON_BLOCKS = YES;
				GCC_WARN_64_TO_32_BIT_CONVERSION = YES;
				GCC_WARN_ABOUT_RETURN_TYPE = YES_ERROR;
				GCC_WARN_UNDECLARED_SELECTOR = YES;
				GCC_WARN_UNINITIALIZED_AUTOS = YES_AGGRESSIVE;
				GCC_WARN_UNUSED_FUNCTION = YES;
				GCC_WARN_UNUSED_VARIABLE = YES;
				IPHONEOS_DEPLOYMENT_TARGET = 8.3;
				MTL_ENABLE_DEBUG_INFO = NO;
				SDKROOT = iphoneos;
				VALIDATE_PRODUCT = YES;
			};
			name = Release;
		};
		85131DC01B4399DA00E421A3 /* Debug */ = {
			isa = XCBuildConfiguration;
			buildSettings = {
				ASSETCATALOG_COMPILER_APPICON_NAME = AppIcon;
				INFOPLIST_FILE = dsda/Info.plist;
				LD_RUNPATH_SEARCH_PATHS = "$(inherited) @executable_path/Frameworks";
				PRODUCT_NAME = "$(TARGET_NAME)";
			};
			name = Debug;
		};
		85131DC11B4399DA00E421A3 /* Release */ = {
			isa = XCBuildConfiguration;
			buildSettings = {
				ASSETCATALOG_COMPILER_APPICON_NAME = AppIcon;
				INFOPLIST_FILE = dsda/Info.plist;
				LD_RUNPATH_SEARCH_PATHS = "$(inherited) @executable_path/Frameworks";
				PRODUCT_NAME = "$(TARGET_NAME)";
			};
			name = Release;
		};
		85131DC31B4399DA00E421A3 /* Debug */ = {
			isa = XCBuildConfiguration;
			buildSettings = {
				BUNDLE_LOADER = "$(TEST_HOST)";
				FRAMEWORK_SEARCH_PATHS = (
					"$(SDKROOT)/Developer/Library/Frameworks",
					"$(inherited)",
				);
				GCC_PREPROCESSOR_DEFINITIONS = (
					"DEBUG=1",
					"$(inherited)",
				);
				INFOPLIST_FILE = dsdaTests/Info.plist;
				LD_RUNPATH_SEARCH_PATHS = "$(inherited) @executable_path/Frameworks @loader_path/Frameworks";
				PRODUCT_NAME = "$(TARGET_NAME)";
				TEST_HOST = "$(BUILT_PRODUCTS_DIR)/dsda.app/dsda";
			};
			name = Debug;
		};
		85131DC41B4399DA00E421A3 /* Release */ = {
			isa = XCBuildConfiguration;
			buildSettings = {
				BUNDLE_LOADER = "$(TEST_HOST)";
				FRAMEWORK_SEARCH_PATHS = (
					"$(SDKROOT)/Developer/Library/Frameworks",
					"$(inherited)",
				);
				INFOPLIST_FILE = dsdaTests/Info.plist;
				LD_RUNPATH_SEARCH_PATHS = "$(inherited) @executable_path/Frameworks @loader_path/Frameworks";
				PRODUCT_NAME = "$(TARGET_NAME)";
				TEST_HOST = "$(BUILT_PRODUCTS_DIR)/dsda.app/dsda";
			};
			name = Release;
		};
/* End XCBuildConfiguration section */

/* Begin XCConfigurationList section */
		85131D971B4399DA00E421A3 /* Build configuration list for PBXProject "dsda" */ = {
			isa = XCConfigurationList;
			buildConfigurations = (
				85131DBD1B4399DA00E421A3 /* Debug */,
				85131DBE1B4399DA00E421A3 /* Release */,
			);
			defaultConfigurationIsVisible = 0;
			defaultConfigurationName = Release;
		};
		85131DBF1B4399DA00E421A3 /* Build configuration list for PBXNativeTarget "dsda" */ = {
			isa = XCConfigurationList;
			buildConfigurations = (
				85131DC01B4399DA00E421A3 /* Debug */,
				85131DC11B4399DA00E421A3 /* Release */,
			);
			defaultConfigurationIsVisible = 0;
		};
		85131DC21B4399DA00E421A3 /* Build configuration list for PBXNativeTarget "dsdaTests" */ = {
			isa = XCConfigurationList;
			buildConfigurations = (
				85131DC31B4399DA00E421A3 /* Debug */,
				85131DC41B4399DA00E421A3 /* Release */,
			);
			defaultConfigurationIsVisible = 0;
		};
/* End XCConfigurationList section */
	};
	rootObject = 85131D941B4399DA00E421A3 /* Project object */;
}
